{
  "name": "NeuroFlag",
  "lockfileVersion": 3,
  "requires": true,
  "packages": {
    "": {
      "devDependencies": {
        "@mpopiolek/ai-toolkit": "^0.1.0"
      }
    },
    "node_modules/@mpopiolek/ai-toolkit": {
      "version": "0.1.0",
      "resolved": "https://npm.pkg.github.com/download/@mpopiolek/ai-toolkit/0.1.0/ff5765e8e83d23121169ca92ed5d2d2e12668f2d",
      "integrity": "sha512-90/9mApMi7jxkqHPsit/0Dmwz8U6ExUzAsQjiFAdlMJT2CYvESjXx56YvPf8w2TZ3jCz5e22sN0jAkogoVJcfA==",
      "dev": true,
      "hasInstallScript": true,
      "license": "UNLICENSED",
      "bin": {
        "ai-toolkit": "install.js"
      },
      "engines": {
        "node": ">=20"
      }
    }
  }
}
